{
  "nodes": {
    "cmp-buffer": {
      "flake": false,
      "locked": {
        "lastModified": 1641254550,
        "narHash": "sha256-LXNckOkSqRMFWJhBaPUm8el0SgTS2XPvg3N8CEwHLHw=",
        "owner": "hrsh7th",
        "repo": "cmp-buffer",
        "rev": "f83773e2f433a923997c5faad7ea689ec24d1785",
        "type": "github"
      },
      "original": {
        "owner": "hrsh7th",
        "repo": "cmp-buffer",
        "type": "github"
      }
    },
    "cmp-cmdline": {
      "flake": false,
      "locked": {
        "lastModified": 1638355837,
        "narHash": "sha256-BkMvtwkLnT0tnLn9F+vt3vtmAQOBVFwFC3YF7ZsE8Hs=",
        "owner": "hrsh7th",
        "repo": "cmp-cmdline",
        "rev": "29ca81a6f0f288e6311b3377d9d9684d22eac2ec",
        "type": "github"
      },
      "original": {
        "owner": "hrsh7th",
        "repo": "cmp-cmdline",
        "type": "github"
      }
    },
    "cmp-luasnip": {
      "flake": false,
      "locked": {
        "lastModified": 1641154010,
        "narHash": "sha256-vkDOW0882wG22z1s4npjGPUJyHd5boW8KWDIoy+WrjI=",
        "owner": "saadparwaiz1",
        "repo": "cmp_luasnip",
        "rev": "d6f837f4e8fe48eeae288e638691b91b97d1737f",
        "type": "github"
      },
      "original": {
        "owner": "saadparwaiz1",
        "repo": "cmp_luasnip",
        "type": "github"
      }
    },
    "cmp-nvim-lsp": {
      "flake": false,
      "locked": {
        "lastModified": 1642242623,
        "narHash": "sha256-itlKrCBo8wMNBCknW+7INOyVmwbcwmkGLzpc2lvvqk4=",
        "owner": "hrsh7th",
        "repo": "cmp-nvim-lsp",
        "rev": "ebdfc204afb87f15ce3d3d3f5df0b8181443b5ba",
        "type": "github"
      },
      "original": {
        "owner": "hrsh7th",
        "repo": "cmp-nvim-lsp",
        "type": "github"
      }
    },
    "cmp-path": {
      "flake": false,
      "locked": {
        "lastModified": 1642430705,
        "narHash": "sha256-qKPYOW+Nid3CdFJfeU1JVb9zaDZAk2F/WQ4ddjNDRnk=",
        "owner": "hrsh7th",
        "repo": "cmp-path",
        "rev": "c5230cb439df9547294678d0f1c1465ad7989e5f",
        "type": "github"
      },
      "original": {
        "owner": "hrsh7th",
        "repo": "cmp-path",
        "type": "github"
      }
    },
    "editorconfig-vim": {
      "flake": false,
      "locked": {
        "lastModified": 1642820146,
        "narHash": "sha256-qFLXqhV+ZVhxoq+QoxWSDUrg8W/+qChJuCd4hSJqy28=",
        "owner": "editorconfig",
        "repo": "editorconfig-vim",
        "rev": "a8e3e66deefb6122f476c27cee505aaae93f7109",
        "type": "github"
      },
      "original": {
        "owner": "editorconfig",
        "repo": "editorconfig-vim",
        "type": "github"
      }
    },
    "flake-utils": {
      "locked": {
        "lastModified": 1629481132,
        "narHash": "sha256-JHgasjPR0/J1J3DRm4KxM4zTyAj4IOJY8vIl75v/kPI=",
        "owner": "numtide",
        "repo": "flake-utils",
        "rev": "997f7efcb746a9c140ce1f13c72263189225f482",
        "type": "github"
      },
      "original": {
        "owner": "numtide",
        "repo": "flake-utils",
        "type": "github"
      }
    },
    "fugitive": {
      "flake": false,
      "locked": {
        "lastModified": 1643076787,
        "narHash": "sha256-PDnOKsxQjaoRjH2D0c3M10Bjcqaw02EwPFDdDmgfEho=",
        "owner": "tpope",
        "repo": "vim-fugitive",
        "rev": "59529a2c3634dc1cb3956c4faaf824f5c4dd7be1",
        "type": "github"
      },
      "original": {
        "owner": "tpope",
        "repo": "vim-fugitive",
        "type": "github"
      }
    },
    "gruvbox-material": {
      "flake": false,
      "locked": {
        "lastModified": 1643001140,
        "narHash": "sha256-ALCA594D6NEZif1bvtJ2Ove5A0iZGOreR4xPc9Hkp4I=",
        "owner": "sainnhe",
        "repo": "gruvbox-material",
        "rev": "d043cd49c344e41cd07b19c5252ee31e356c8ebf",
        "type": "github"
      },
      "original": {
        "owner": "sainnhe",
        "repo": "gruvbox-material",
        "type": "github"
      }
    },
    "indent-blankline-nvim": {
      "flake": false,
      "locked": {
        "lastModified": 1642829036,
        "narHash": "sha256-ik7GDbctby+fzk+TX2A3NQNN7zq2smOxDcEeWsc88sE=",
        "owner": "lukas-reineke",
        "repo": "indent-blankline.nvim",
        "rev": "2e35f7dcdc72f39b37c21e43cdb538d7a41c7e07",
        "type": "github"
      },
      "original": {
        "owner": "lukas-reineke",
        "repo": "indent-blankline.nvim",
        "type": "github"
      }
    },
    "indentline": {
      "flake": false,
      "locked": {
        "lastModified": 1611828926,
        "narHash": "sha256-GFbBINmfzPoUHKKfJoTk8MDqG5p3YjUrZJOZWjLZQ9s=",
        "owner": "Yggdroot",
        "repo": "indentLine",
        "rev": "5617a1cf7d315e6e6f84d825c85e3b669d220bfa",
        "type": "github"
      },
      "original": {
        "owner": "Yggdroot",
        "repo": "indentLine",
        "type": "github"
      }
    },
    "lualine-nvim": {
      "flake": false,
      "locked": {
        "lastModified": 1643702436,
        "narHash": "sha256-3+3qCuzVsZDPF4S0A135pUJcuC5XfIao0gu7r2SODzc=",
        "owner": "nvim-lualine",
        "repo": "lualine.nvim",
        "rev": "247aafd7fc165be93c8e0929ad8274667a9eaa96",
        "type": "github"
      },
      "original": {
        "owner": "nvim-lualine",
        "repo": "lualine.nvim",
        "type": "github"
      }
    },
    "luasnip": {
      "flake": false,
      "locked": {
        "lastModified": 1643400059,
        "narHash": "sha256-PCp+akGP2zzHd1eQBidEbSrz8Jbib5muuYp4qLTs3iw=",
        "owner": "L3MON4D3",
        "repo": "LuaSnip",
        "rev": "35322c97b041542f95c85e87a8215892ea4137d5",
        "type": "github"
      },
      "original": {
        "owner": "L3MON4D3",
        "repo": "LuaSnip",
        "type": "github"
      }
    },
    "naersk": {
      "inputs": {
        "nixpkgs": "nixpkgs_2"
      },
      "locked": {
        "lastModified": 1639947939,
        "narHash": "sha256-pGsM8haJadVP80GFq4xhnSpNitYNQpaXk4cnA796Cso=",
        "owner": "nix-community",
        "repo": "naersk",
        "rev": "2fc8ce9d3c025d59fee349c1f80be9785049d653",
        "type": "github"
      },
      "original": {
        "owner": "nix-community",
        "repo": "naersk",
        "type": "github"
      }
    },
    "neovim": {
      "inputs": {
        "flake-utils": "flake-utils",
        "nixpkgs": [
          "nixpkgs"
        ]
      },
      "locked": {
        "dir": "contrib",
        "lastModified": 1643653736,
        "narHash": "sha256-zUocw3pCTykADQsgVOQ6ebal3OuAE8zlFnNpMSqt8S4=",
        "owner": "neovim",
        "repo": "neovim",
        "rev": "c00b844988ddbb5c0dc2ee2b6b4dbbc2901b5fbe",
        "type": "github"
      },
      "original": {
        "dir": "contrib",
        "owner": "neovim",
        "repo": "neovim",
        "type": "github"
      }
    },
    "nixpkgs": {
      "locked": {
        "lastModified": 1643381941,
        "narHash": "sha256-pHTwvnN4tTsEKkWlXQ8JMY423epos8wUOhthpwJjtpc=",
        "owner": "nixos",
        "repo": "nixpkgs",
        "rev": "5efc8ca954272c4376ac929f4c5ffefcc20551d5",
        "type": "github"
      },
      "original": {
        "owner": "nixos",
        "ref": "nixpkgs-unstable",
        "repo": "nixpkgs",
        "type": "github"
      }
    },
    "nixpkgs_2": {
      "locked": {
        "lastModified": 1643381941,
        "narHash": "sha256-pHTwvnN4tTsEKkWlXQ8JMY423epos8wUOhthpwJjtpc=",
        "owner": "NixOS",
        "repo": "nixpkgs",
        "rev": "5efc8ca954272c4376ac929f4c5ffefcc20551d5",
        "type": "github"
      },
      "original": {
        "id": "nixpkgs",
        "type": "indirect"
      }
    },
    "nixpkgs_3": {
      "locked": {
        "lastModified": 1642190797,
        "narHash": "sha256-cxeEEAtfIACnm8sV1oz0xlNp9IVk10Fxcc09ggoEZuo=",
        "owner": "nixos",
        "repo": "nixpkgs",
        "rev": "3ddd960a3b575bf3230d0e59f42614b71f9e0db9",
        "type": "github"
      },
      "original": {
        "owner": "nixos",
        "ref": "nixos-21.11",
        "repo": "nixpkgs",
        "type": "github"
      }
    },
    "nvim-cmp": {
      "flake": false,
      "locked": {
        "lastModified": 1643701654,
        "narHash": "sha256-GIxn5hCG+iaFxFxgKkglATK3IuGugsVet8IPbaw4MNc=",
        "owner": "hrsh7th",
        "repo": "nvim-cmp",
        "rev": "124f1611f1b7cd9fb2892f0597881e007c99b652",
        "type": "github"
      },
      "original": {
        "owner": "hrsh7th",
        "repo": "nvim-cmp",
        "type": "github"
      }
    },
    "nvim-dap": {
      "flake": false,
      "locked": {
        "lastModified": 1642855401,
        "narHash": "sha256-jrv1tTgHr/+W2RI19JRN8vS7VbptaDC7Z6XmX3Yr6mk=",
        "owner": "mfussenegger",
        "repo": "nvim-dap",
        "rev": "c9a58267524f560112ecb6faa36ab2b5bc2f78a3",
        "type": "github"
      },
      "original": {
        "owner": "mfussenegger",
        "repo": "nvim-dap",
        "type": "github"
      }
    },
    "nvim-dap-virtual-text": {
      "flake": false,
      "locked": {
        "lastModified": 1638477827,
        "narHash": "sha256-rb532cx/+m1TSkHTPVflG76bvmEv19g5QoVluMQkVs8=",
        "owner": "theHamsta",
        "repo": "nvim-dap-virtual-text",
        "rev": "fb176ca8cf666331fcfa75b7dcc238116d66f801",
        "type": "github"
      },
      "original": {
        "owner": "theHamsta",
        "repo": "nvim-dap-virtual-text",
        "type": "github"
      }
    },
    "nvim-lightbulb": {
      "flake": false,
      "locked": {
        "lastModified": 1636766265,
        "narHash": "sha256-vxxYKJzX8hsky32Z+Tr3qYYCS0+3TDiQIg2U8/4U2qo=",
        "owner": "kosayoda",
        "repo": "nvim-lightbulb",
        "rev": "cd5267d2d708e908dbd668c7de74e1325eb1e1da",
        "type": "github"
      },
      "original": {
        "owner": "kosayoda",
        "repo": "nvim-lightbulb",
        "type": "github"
      }
    },
    "nvim-lspconfig": {
      "flake": false,
      "locked": {
        "lastModified": 1643407102,
        "narHash": "sha256-2Z4wqycfRfgLe67rU/tYa+vGvZ3fKITRJPMg/8+W2A4=",
        "owner": "neovim",
        "repo": "nvim-lspconfig",
        "rev": "e7df7ecae0b0d2f997ea65e951ddbe98ca3e154b",
        "type": "github"
      },
      "original": {
        "owner": "neovim",
        "repo": "nvim-lspconfig",
        "type": "github"
      }
    },
    "nvim-telescope": {
      "flake": false,
      "locked": {
        "lastModified": 1643657693,
        "narHash": "sha256-u7p3I9XX2DFpqjDfJm2IELl9ooQDIWZt/SS0mwEPIz4=",
        "owner": "nvim-telescope",
        "repo": "telescope.nvim",
        "rev": "f262e7d56d37625613c5de0df5a933cccacf13c5",
        "type": "github"
      },
      "original": {
        "owner": "nvim-telescope",
        "repo": "telescope.nvim",
        "type": "github"
      }
    },
    "nvim-tree-lua": {
      "flake": false,
      "locked": {
        "lastModified": 1643617060,
        "narHash": "sha256-Qwv5Io4x9WLTztTEK7o95L38VtYfBA1h/F2cwcPrQMs=",
        "owner": "kyazdani42",
        "repo": "nvim-tree.lua",
        "rev": "0bc8258529e620b3c9d38bf5e88158ea24c85350",
        "type": "github"
      },
      "original": {
        "owner": "kyazdani42",
        "repo": "nvim-tree.lua",
        "type": "github"
      }
    },
    "nvim-treesitter": {
      "flake": false,
      "locked": {
        "lastModified": 1643622630,
        "narHash": "sha256-fLjll7geS2hIYB4GCYH7OuoZsAgLEV2/UtfVEgBfKr0=",
        "owner": "nvim-treesitter",
        "repo": "nvim-treesitter",
        "rev": "05c963602b66f087cb15f39035d8b31d8225bb55",
        "type": "github"
      },
      "original": {
        "owner": "nvim-treesitter",
        "repo": "nvim-treesitter",
        "type": "github"
      }
    },
    "nvim-treesitter-context": {
      "flake": false,
      "locked": {
        "lastModified": 1642022511,
        "narHash": "sha256-OHDdl5PdTQ/M2sOrZ5C4JUG9FcAy0cTtWu56qyPbe4Q=",
        "owner": "romgrk",
        "repo": "nvim-treesitter-context",
        "rev": "b7d7aba81683c1cd76141e090ff335bb55332cba",
        "type": "github"
      },
      "original": {
        "owner": "romgrk",
        "repo": "nvim-treesitter-context",
        "type": "github"
      }
    },
    "nvim-web-devicons": {
      "flake": false,
      "locked": {
        "lastModified": 1642530817,
        "narHash": "sha256-3zigwYJrw3gocsF2WqHMBS4cFkTyj78StiSP3o9S0N0=",
        "owner": "kyazdani42",
        "repo": "nvim-web-devicons",
        "rev": "634e26818f2bea9161b7efa76735746838971824",
        "type": "github"
      },
      "original": {
        "owner": "kyazdani42",
        "repo": "nvim-web-devicons",
        "type": "github"
      }
    },
    "nvim-which-key": {
      "flake": false,
      "locked": {
        "lastModified": 1642619077,
        "narHash": "sha256-bz41c/zenRVVIkwtHHIi8wF/LZn2JEkFc6tkPv/BYY4=",
        "owner": "folke",
        "repo": "which-key.nvim",
        "rev": "28d2bd129575b5e9ebddd88506601290bb2bb221",
        "type": "github"
      },
      "original": {
        "owner": "folke",
        "repo": "which-key.nvim",
        "type": "github"
      }
    },
    "plenary-nvim": {
      "flake": false,
      "locked": {
        "lastModified": 1643657697,
        "narHash": "sha256-kN5EjWPb6rRIJ4G+FBuwEyfIqpuxdaEgRCaGM/fE0fk=",
        "owner": "nvim-lua",
        "repo": "plenary.nvim",
        "rev": "e86dc9b11241ff69ece50c15a5cdd49d20d4c27c",
        "type": "github"
      },
      "original": {
        "owner": "nvim-lua",
        "repo": "plenary.nvim",
        "type": "github"
      }
    },
    "popup-nvim": {
      "flake": false,
      "locked": {
        "lastModified": 1637254091,
        "narHash": "sha256-dNWz/xovUg55fDZUpVs/2kLphk3lqQyvPtc9ATwbeSQ=",
        "owner": "nvim-lua",
        "repo": "popup.nvim",
        "rev": "b7404d35d5d3548a82149238289fa71f7f6de4ac",
        "type": "github"
      },
      "original": {
        "owner": "nvim-lua",
        "repo": "popup.nvim",
        "type": "github"
      }
    },
    "rnix-lsp": {
      "inputs": {
        "naersk": "naersk",
        "nixpkgs": "nixpkgs_3",
        "utils": "utils"
      },
      "locked": {
        "lastModified": 1643586450,
        "narHash": "sha256-BRIAc3+zavSlJPYSbov2n1W9/a4Iuh2swFPYRWjCm1g=",
        "owner": "nix-community",
        "repo": "rnix-lsp",
        "rev": "41eb2f3366e3f351bf2563c2a7c46fd17e78dfe0",
        "type": "github"
      },
      "original": {
        "owner": "nix-community",
        "repo": "rnix-lsp",
        "type": "github"
      }
    },
    "root": {
      "inputs": {
        "cmp-buffer": "cmp-buffer",
        "cmp-cmdline": "cmp-cmdline",
        "cmp-luasnip": "cmp-luasnip",
        "cmp-nvim-lsp": "cmp-nvim-lsp",
        "cmp-path": "cmp-path",
        "editorconfig-vim": "editorconfig-vim",
        "fugitive": "fugitive",
        "gruvbox-material": "gruvbox-material",
        "indent-blankline-nvim": "indent-blankline-nvim",
        "indentline": "indentline",
        "lualine-nvim": "lualine-nvim",
        "luasnip": "luasnip",
        "neovim": "neovim",
        "nixpkgs": "nixpkgs",
        "nvim-cmp": "nvim-cmp",
        "nvim-dap": "nvim-dap",
        "nvim-dap-virtual-text": "nvim-dap-virtual-text",
        "nvim-lightbulb": "nvim-lightbulb",
        "nvim-lspconfig": "nvim-lspconfig",
        "nvim-telescope": "nvim-telescope",
        "nvim-tree-lua": "nvim-tree-lua",
        "nvim-treesitter": "nvim-treesitter",
        "nvim-treesitter-context": "nvim-treesitter-context",
        "nvim-web-devicons": "nvim-web-devicons",
        "nvim-which-key": "nvim-which-key",
        "plenary-nvim": "plenary-nvim",
        "popup-nvim": "popup-nvim",
        "rnix-lsp": "rnix-lsp",
        "telescope-dap": "telescope-dap",
        "vim-cursorword": "vim-cursorword",
        "vim-nix": "vim-nix",
        "vim-test": "vim-test",
        "vimagit": "vimagit"
      }
    },
    "telescope-dap": {
      "flake": false,
      "locked": {
        "lastModified": 1616786019,
        "narHash": "sha256-aGiBknPDjYL4Vlp0DKbJpsKiEaA5dzgg87FQvgThl7k=",
        "owner": "nvim-telescope",
        "repo": "telescope-dap.nvim",
        "rev": "b4134fff5cbaf3b876e6011212ed60646e56f060",
        "type": "github"
      },
      "original": {
        "owner": "nvim-telescope",
        "repo": "telescope-dap.nvim",
        "type": "github"
      }
    },
    "utils": {
      "locked": {
        "lastModified": 1638122382,
        "narHash": "sha256-sQzZzAbvKEqN9s0bzWuYmRaA03v40gaJ4+iL1LXjaeI=",
        "owner": "numtide",
        "repo": "flake-utils",
        "rev": "74f7e4319258e287b0f9cb95426c9853b282730b",
        "type": "github"
      },
      "original": {
        "owner": "numtide",
        "repo": "flake-utils",
        "type": "github"
      }
    },
    "vim-cursorword": {
      "flake": false,
      "locked": {
        "lastModified": 1592630023,
        "narHash": "sha256-01XykhbFxf3mrT00r8kQ4WW0lG7g34IzxIP1JdCUtPQ=",
        "owner": "itchyny",
        "repo": "vim-cursorword",
        "rev": "cc8114226ceefb5cafe1890e0900d3efb7dab1fd",
        "type": "github"
      },
      "original": {
        "owner": "itchyny",
        "repo": "vim-cursorword",
        "type": "github"
      }
    },
    "vim-nix": {
      "flake": false,
      "locked": {
        "lastModified": 1622231877,
        "narHash": "sha256-wQzNXfE7JFalgiCQ2ksPAUyFKacmJV7mNKmKDe9jySI=",
        "owner": "LnL7",
        "repo": "vim-nix",
        "rev": "63b47b39c8d481ebca3092822ca8972e08df769b",
        "type": "github"
      },
      "original": {
        "owner": "LnL7",
        "repo": "vim-nix",
        "type": "github"
      }
    },
    "vim-test": {
      "flake": false,
      "locked": {
        "lastModified": 1642889608,
        "narHash": "sha256-TUoJlbneUhthuajy2BdjWFemdmtzSm/xI58g33z1dhE=",
        "owner": "vim-test",
        "repo": "vim-test",
        "rev": "2ace9a12253140f1bdf4318a46ca9076658dd147",
        "type": "github"
      },
      "original": {
        "owner": "vim-test",
        "repo": "vim-test",
        "type": "github"
      }
    },
    "vimagit": {
      "flake": false,
      "locked": {
        "lastModified": 1628588042,
        "narHash": "sha256-onD/M0MWOzabIm3qboKZYu+CC8nD3ElMVl22pJPbP/o=",
        "owner": "jreybert",
        "repo": "vimagit",
        "rev": "fb71060049f829e48fc392e0be43d1040c271204",
        "type": "github"
      },
      "original": {
        "owner": "jreybert",
        "repo": "vimagit",
        "type": "github"
      }
    }
  },
  "root": "root",
  "version": 7
}
